// !$*UTF8*$!
{
	archiveVersion = 1;
	classes = {
	};
	objectVersion = 77;
	objects = {

/* Begin PBXContainerItemProxy section */
		86580F9B2D5E03F700F1E3DB /* PBXContainerItemProxy */ = {
			isa = PBXContainerItemProxy;
			containerPortal = 86580F7C2D5E03F600F1E3DB /* Project object */;
			proxyType = 1;
			remoteGlobalIDString = 86580F832D5E03F600F1E3DB;
			remoteInfo = "Assgn 2";
		};
		86580FA52D5E03F700F1E3DB /* PBXContainerItemProxy */ = {
			isa = PBXContainerItemProxy;
			containerPortal = 86580F7C2D5E03F600F1E3DB /* Project object */;
			proxyType = 1;
			remoteGlobalIDString = 86580F832D5E03F600F1E3DB;
			remoteInfo = "Assgn 2";
		};
/* End PBXContainerItemProxy section */

/* Begin PBXFileReference section */
		86580F842D5E03F600F1E3DB /* Assgn 2.app */ = {isa = PBXFileReference; explicitFileType = wrapper.application; includeInIndex = 0; path = "Assgn 2.app"; sourceTree = BUILT_PRODUCTS_DIR; };
		86580F9A2D5E03F700F1E3DB /* Assgn 2Tests.xctest */ = {isa = PBXFileReference; explicitFileType = wrapper.cfbundle; includeInIndex = 0; path = "Assgn 2Tests.xctest"; sourceTree = BUILT_PRODUCTS_DIR; };
		86580FA42D5E03F700F1E3DB /* Assgn 2UITests.xctest */ = {isa = PBXFileReference; explicitFileType = wrapper.cfbundle; includeInIndex = 0; path = "Assgn 2UITests.xctest"; sourceTree = BUILT_PRODUCTS_DIR; };
/* End PBXFileReference section */

/* Begin PBXFileSystemSynchronizedBuildFileExceptionSet section */
		86580FAC2D5E03F700F1E3DB /* Exceptions for "Assgn 2" folder in "Assgn 2" target */ = {
			isa = PBXFileSystemSynchronizedBuildFileExceptionSet;
			membershipExceptions = (
				Info.plist,
			);
			target = 86580F832D5E03F600F1E3DB /* Assgn 2 */;
		};
/* End PBXFileSystemSynchronizedBuildFileExceptionSet section */

/* Begin PBXFileSystemSynchronizedRootGroup section */
		86580F862D5E03F600F1E3DB /* Assgn 2 */ = {
			isa = PBXFileSystemSynchronizedRootGroup;
			exceptions = (
				86580FAC2D5E03F700F1E3DB /* Exceptions for "Assgn 2" folder in "Assgn 2" target */,
			);
			path = "Assgn 2";
			sourceTree = "<group>";
		};
		86580F9D2D5E03F700F1E3DB /* Assgn 2Tests */ = {
			isa = PBXFileSystemSynchronizedRootGroup;
			path = "Assgn 2Tests";
			sourceTree = "<group>";
		};
		86580FA72D5E03F700F1E3DB /* Assgn 2UITests */ = {
			isa = PBXFileSystemSynchronizedRootGroup;
			path = "Assgn 2UITests";
			sourceTree = "<group>";
		};
/* End PBXFileSystemSynchronizedRootGroup section */

/* Begin PBXFrameworksBuildPhase section */
		86580F812D5E03F600F1E3DB /* Frameworks */ = {
			isa = PBXFrameworksBuildPhase;
			buildActionMask = 2147483647;
			files = (
			);
			runOnlyForDeploymentPostprocessing = 0;
		};
		86580F972D5E03F700F1E3DB /* Frameworks */ = {
			isa = PBXFrameworksBuildPhase;
			buildActionMask = 2147483647;
			files = (
			);
			runOnlyForDeploymentPostprocessing = 0;
		};
		86580FA12D5E03F700F1E3DB /* Frameworks */ = {
			isa = PBXFrameworksBuildPhase;
			buildActionMask = 2147483647;
			files = (
			);
			runOnlyForDeploymentPostprocessing = 0;
		};
/* End PBXFrameworksBuildPhase section */

/* Begin PBXGroup section */
		86580F7B2D5E03F600F1E3DB = {
			isa = PBXGroup;
			children = (
				86580F862D5E03F600F1E3DB /* Assgn 2 */,
				86580F9D2D5E03F700F1E3DB /* Assgn 2Tests */,
				86580FA72D5E03F700F1E3DB /* Assgn 2UITests */,
				86580F852D5E03F600F1E3DB /* Products */,
			);
			sourceTree = "<group>";
		};
		86580F852D5E03F600F1E3DB /* Products */ = {
			isa = PBXGroup;
			children = (
				86580F842D5E03F600F1E3DB /* Assgn 2.app */,
				86580F9A2D5E03F700F1E3DB /* Assgn 2Tests.xctest */,
				86580FA42D5E03F700F1E3DB /* Assgn 2UITests.xctest */,
			);
			name = Products;
			sourceTree = "<group>";
		};
/* End PBXGroup section */

/* Begin PBXNativeTarget section */
		86580F832D5E03F600F1E3DB /* Assgn 2 */ = {
			isa = PBXNativeTarget;
			buildConfigurationList = 86580FAD2D5E03F700F1E3DB /* Build configuration list for PBXNativeTarget "Assgn 2" */;
			buildPhases = (
				86580F802D5E03F600F1E3DB /* Sources */,
				86580F812D5E03F600F1E3DB /* Frameworks */,
				86580F822D5E03F600F1E3DB /* Resources */,
			);
			buildRules = (
			);
			dependencies = (
			);
			fileSystemSynchronizedGroups = (
				86580F862D5E03F600F1E3DB /* Assgn 2 */,
			);
			name = "Assgn 2";
			packageProductDependencies = (
			);
			productName = "Assgn 2";
			productReference = 86580F842D5E03F600F1E3DB /* Assgn 2.app */;
			productType = "com.apple.product-type.application";
		};
		86580F992D5E03F700F1E3DB /* Assgn 2Tests */ = {
			isa = PBXNativeTarget;
			buildConfigurationList = 86580FB22D5E03F700F1E3DB /* Build configuration list for PBXNativeTarget "Assgn 2Tests" */;
			buildPhases = (
				86580F962D5E03F700F1E3DB /* Sources */,
				86580F972D5E03F700F1E3DB /* Frameworks */,
				86580F982D5E03F700F1E3DB /* Resources */,
			);
			buildRules = (
			);
			dependencies = (
				86580F9C2D5E03F700F1E3DB /* PBXTargetDependency */,
			);
			fileSystemSynchronizedGroups = (
				86580F9D2D5E03F700F1E3DB /* Assgn 2Tests */,
			);
			name = "Assgn 2Tests";
			packageProductDependencies = (
			);
			productName = "Assgn 2Tests";
			productReference = 86580F9A2D5E03F700F1E3DB /* Assgn 2Tests.xctest */;
			productType = "com.apple.product-type.bundle.unit-test";
		};
		86580FA32D5E03F700F1E3DB /* Assgn 2UITests */ = {
			isa = PBXNativeTarget;
			buildConfigurationList = 86580FB52D5E03F700F1E3DB /* Build configuration list for PBXNativeTarget "Assgn 2UITests" */;
			buildPhases = (
				86580FA02D5E03F700F1E3DB /* Sources */,
				86580FA12D5E03F700F1E3DB /* Frameworks */,
				86580FA22D5E03F700F1E3DB /* Resources */,
			);
			buildRules = (
			);
			dependencies = (
				86580FA62D5E03F700F1E3DB /* PBXTargetDependency */,
			);
			fileSystemSynchronizedGroups = (
				86580FA72D5E03F700F1E3DB /* Assgn 2UITests */,
			);
			name = "Assgn 2UITests";
			packageProductDependencies = (
			);
			productName = "Assgn 2UITests";
			productReference = 86580FA42D5E03F700F1E3DB /* Assgn 2UITests.xctest */;
			productType = "com.apple.product-type.bundle.ui-testing";
		};
/* End PBXNativeTarget section */

/* Begin PBXProject section */
		86580F7C2D5E03F600F1E3DB /* Project object */ = {
			isa = PBXProject;
			attributes = {
				BuildIndependentTargetsInParallel = 1;
				LastSwiftUpdateCheck = 1620;
				LastUpgradeCheck = 1620;
				TargetAttributes = {
					86580F832D5E03F600F1E3DB = {
						CreatedOnToolsVersion = 16.2;
					};
					86580F992D5E03F700F1E3DB = {
						CreatedOnToolsVersion = 16.2;
						TestTargetID = 86580F832D5E03F600F1E3DB;
					};
					86580FA32D5E03F700F1E3DB = {
						CreatedOnToolsVersion = 16.2;
						TestTargetID = 86580F832D5E03F600F1E3DB;
					};
				};
			};
			buildConfigurationList = 86580F7F2D5E03F600F1E3DB /* Build configuration list for PBXProject "Assgn 2" */;
			developmentRegion = en;
			hasScannedForEncodings = 0;
			knownRegions = (
				en,
				Base,
			);
			mainGroup = 86580F7B2D5E03F600F1E3DB;
			minimizedProjectReferenceProxies = 1;
			preferredProjectObjectVersion = 77;
			productRefGroup = 86580F852D5E03F600F1E3DB /* Products */;
			projectDirPath = "";
			projectRoot = "";
			targets = (
				86580F832D5E03F600F1E3DB /* Assgn 2 */,
				86580F992D5E03F700F1E3DB /* Assgn 2Tests */,
				86580FA32D5E03F700F1E3DB /* Assgn 2UITests */,
			);
		};
/* End PBXProject section */

/* Begin PBXResourcesBuildPhase section */
		86580F822D5E03F600F1E3DB /* Resources */ = {
			isa = PBXResourcesBuildPhase;
			buildActionMask = 2147483647;
			files = (
			);
			runOnlyForDeploymentPostprocessing = 0;
		};
		86580F982D5E03F700F1E3DB /* Resources */ = {
			isa = PBXResourcesBuildPhase;
			buildActionMask = 2147483647;
			files = (
			);
			runOnlyForDeploymentPostprocessing = 0;
		};
		86580FA22D5E03F700F1E3DB /* Resources */ = {
			isa = PBXResourcesBuildPhase;
			buildActionMask = 2147483647;
			files = (
			);
			runOnlyForDeploymentPostprocessing = 0;
		};
/* End PBXResourcesBuildPhase section */

/* Begin PBXSourcesBuildPhase section */
		86580F802D5E03F600F1E3DB /* Sources */ = {
			isa = PBXSourcesBuildPhase;
			buildActionMask = 2147483647;
			files = (
			);
			runOnlyForDeploymentPostprocessing = 0;
		};
		86580F962D5E03F700F1E3DB /* Sources */ = {
			isa = PBXSourcesBuildPhase;
			buildActionMask = 2147483647;
			files = (
			);
			runOnlyForDeploymentPostprocessing = 0;
		};
		86580FA02D5E03F700F1E3DB /* Sources */ = {
			isa = PBXSourcesBuildPhase;
			buildActionMask = 2147483647;
			files = (
			);
			runOnlyForDeploymentPostprocessing = 0;
		};
/* End PBXSourcesBuildPhase section */

/* Begin PBXTargetDependency section */
		86580F9C2D5E03F700F1E3DB /* PBXTargetDependency */ = {
			isa = PBXTargetDependency;
			target = 86580F832D5E03F600F1E3DB /* Assgn 2 */;
			targetProxy = 86580F9B2D5E03F700F1E3DB /* PBXContainerItemProxy */;
		};
		86580FA62D5E03F700F1E3DB /* PBXTargetDependency */ = {
			isa = PBXTargetDependency;
			target = 86580F832D5E03F600F1E3DB /* Assgn 2 */;
			targetProxy = 86580FA52D5E03F700F1E3DB /* PBXContainerItemProxy */;
		};
/* End PBXTargetDependency section */

/* Begin XCBuildConfiguration section */
		86580FAE2D5E03F700F1E3DB /* Debug */ = {
			isa = XCBuildConfiguration;
			buildSettings = {
				ASSETCATALOG_COMPILER_APPICON_NAME = AppIcon;
				ASSETCATALOG_COMPILER_GLOBAL_ACCENT_COLOR_NAME = AccentColor;
				CODE_SIGN_STYLE = Automatic;
				CURRENT_PROJECT_VERSION = 1;
				GENERATE_INFOPLIST_FILE = YES;
				INFOPLIST_FILE = "Assgn 2/Info.plist";
				INFOPLIST_KEY_UIApplicationSupportsIndirectInputEvents = YES;
				INFOPLIST_KEY_UILaunchStoryboardName = LaunchScreen;
				INFOPLIST_KEY_UIMainStoryboardFile = Main;
				INFOPLIST_KEY_UISupportedInterfaceOrientations_iPad = "UIInterfaceOrientationPortrait UIInterfaceOrientationPortraitUpsideDown UIInterfaceOrientationLandscapeLeft UIInterfaceOrientationLandscapeRight";
				INFOPLIST_KEY_UISupportedInterfaceOrientations_iPhone = "UIInterfaceOrientationPortrait UIInterfaceOrientationLandscapeLeft UIInterfaceOrientationLandscapeRight";
				LD_RUNPATH_SEARCH_PATHS = (
					"$(inherited)",
					"@executable_path/Frameworks",
				);
				MARKETING_VERSION = 1.0;
				PRODUCT_BUNDLE_IDENTIFIER = "com.mayank.Assgn-2";
				PRODUCT_NAME = "$(TARGET_NAME)";
				SWIFT_EMIT_LOC_STRINGS = YES;
				SWIFT_VERSION = 5.0;
				TARGETED_DEVICE_FAMILY = "1,2";
			};
			name = Debug;
		};
		86580FAF2D5E03F700F1E3DB /* Release */ = {
			isa = XCBuildConfiguration;
			buildSettings = {
				ASSETCATALOG_COMPILER_APPICON_NAME = AppIcon;
				ASSETCATALOG_COMPILER_GLOBAL_ACCENT_COLOR_NAME = AccentColor;
				CODE_SIGN_STYLE = Automatic;
				CURRENT_PROJECT_VERSION = 1;
				GENERATE_INFOPLIST_FILE = YES;
				INFOPLIST_FILE = "Assgn 2/Info.plist";
				INFOPLIST_KEY_UIApplicationSupportsIndirectInputEvents = YES;
				INFOPLIST_KEY_UILaunchStoryboardName = LaunchScreen;
				INFOPLIST_KEY_UIMainStoryboardFile = Main;
				INFOPLIST_KEY_UISupportedInterfaceOrientations_iPad = "UIInterfaceOrientationPortrait UIInterfaceOrientationPortraitUpsideDown UIInterfaceOrientationLandscapeLeft UIInterfaceOrientationLandscapeRight";
				INFOPLIST_KEY_UISupportedInterfaceOrientations_iPhone = "UIInterfaceOrientationPortrait UIInterfaceOrientationLandscapeLeft UIInterfaceOrientationLandscapeRight";
				LD_RUNPATH_SEARCH_PATHS = (
					"$(inherited)",
					"@executable_path/Frameworks",
				);
				MARKETING_VERSION = 1.0;
				PRODUCT_BUNDLE_IDENTIFIER = "com.mayank.Assgn-2";
				PRODUCT_NAME = "$(TARGET_NAME)";
				SWIFT_EMIT_LOC_STRINGS = YES;
				SWIFT_VERSION = 5.0;
				TARGETED_DEVICE_FAMILY = "1,2";
			};
			name = Release;
		};
		86580FB02D5E03F700F1E3DB /* Debug */ = {
			isa = XCBuildConfiguration;
			buildSettings = {
				ALWAYS_SEARCH_USER_PATHS = NO;
				ASSETCATALOG_COMPILER_GENERATE_SWIFT_ASSET_SYMBOL_EXTENSIONS = YES;
				CLANG_ANALYZER_NONNULL = YES;
				CLANG_ANALYZER_NUMBER_OBJECT_CONVERSION = YES_AGGRESSIVE;
				CLANG_CXX_LANGUAGE_STANDARD = "gnu++20";
				CLANG_ENABLE_MODULES = YES;
				CLANG_ENABLE_OBJC_ARC = YES;
				CLANG_ENABLE_OBJC_WEAK = YES;
				CLANG_WARN_BLOCK_CAPTURE_AUTORELEASING = YES;
				CLANG_WARN_BOOL_CONVERSION = YES;
				CLANG_WARN_COMMA = YES;
				CLANG_WARN_CONSTANT_CONVERSION = YES;
				CLANG_WARN_DEPRECATED_OBJC_IMPLEMENTATIONS = YES;
				CLANG_WARN_DIRECT_OBJC_ISA_USAGE = YES_ERROR;
				CLANG_WARN_DOCUMENTATION_COMMENTS = YES;
				CLANG_WARN_EMPTY_BODY = YES;
				CLANG_WARN_ENUM_CONVERSION = YES;
				CLANG_WARN_INFINITE_RECURSION = YES;
				CLANG_WARN_INT_CONVERSION = YES;
				CLANG_WARN_NON_LITERAL_NULL_CONVERSION = YES;
				CLANG_WARN_OBJC_IMPLICIT_RETAIN_SELF = YES;
				CLANG_WARN_OBJC_LITERAL_CONVERSION = YES;
				CLANG_WARN_OBJC_ROOT_CLASS = YES_ERROR;
				CLANG_WARN_QUOTED_INCLUDE_IN_FRAMEWORK_HEADER = YES;
				CLANG_WARN_RANGE_LOOP_ANALYSIS = YES;
				CLANG_WARN_STRICT_PROTOTYPES = YES;
				CLANG_WARN_SUSPICIOUS_MOVE = YES;
				CLANG_WARN_UNGUARDED_AVAILABILITY = YES_AGGRESSIVE;
				CLANG_WARN_UNREACHABLE_CODE = YES;
				CLANG_WARN__DUPLICATE_METHOD_MATCH = YES;
				COPY_PHASE_STRIP = NO;
				DEBUG_INFORMATION_FORMAT = dwarf;
				ENABLE_STRICT_OBJC_MSGSEND = YES;
				ENABLE_TESTABILITY = YES;
				ENABLE_USER_SCRIPT_SANDBOXING = YES;
				GCC_C_LANGUAGE_STANDARD = gnu17;
				GCC_DYNAMIC_NO_PIC = NO;
				GCC_NO_COMMON_BLOCKS = YES;
				GCC_OPTIMIZATION_LEVEL = 0;
				GCC_PREPROCESSOR_DEFINITIONS = (
					"DEBUG=1",
					"$(inherited)",
				);
				GCC_WARN_64_TO_32_BIT_CONVERSION = YES;
				GCC_WARN_ABOUT_RETURN_TYPE = YES_ERROR;
				GCC_WARN_UNDECLARED_SELECTOR = YES;
				GCC_WARN_UNINITIALIZED_AUTOS = YES_AGGRESSIVE;
				GCC_WARN_UNUSED_FUNCTION = YES;
				GCC_WARN_UNUSED_VARIABLE = YES;
				IPHONEOS_DEPLOYMENT_TARGET = 18.2;
				LOCALIZATION_PREFERS_STRING_CATALOGS = YES;
				MTL_ENABLE_DEBUG_INFO = INCLUDE_SOURCE;
				MTL_FAST_MATH = YES;
				ONLY_ACTIVE_ARCH = YES;
				SDKROOT = iphoneos;
				SWIFT_ACTIVE_COMPILATION_CONDITIONS = "DEBUG $(inherited)";
				SWIFT_OPTIMIZATION_LEVEL = "-Onone";
			};
			name = Debug;
		};
		86580FB12D5E03F700F1E3DB /* Release */ = {
			isa = XCBuildConfiguration;
			buildSettings = {
				ALWAYS_SEARCH_USER_PATHS = NO;
				ASSETCATALOG_COMPILER_GENERATE_SWIFT_ASSET_SYMBOL_EXTENSIONS = YES;
				CLANG_ANALYZER_NONNULL = YES;
				CLANG_ANALYZER_NUMBER_OBJECT_CONVERSION = YES_AGGRESSIVE;
				CLANG_CXX_LANGUAGE_STANDARD = "gnu++20";
				CLANG_ENABLE_MODULES = YES;
				CLANG_ENABLE_OBJC_ARC = YES;
				CLANG_ENABLE_OBJC_WEAK = YES;
				CLANG_WARN_BLOCK_CAPTURE_AUTORELEASING = YES;
				CLANG_WARN_BOOL_CONVERSION = YES;
				CLANG_WARN_COMMA = YES;
				CLANG_WARN_CONSTANT_CONVERSION = YES;
				CLANG_WARN_DEPRECATED_OBJC_IMPLEMENTATIONS = YES;
				CLANG_WARN_DIRECT_OBJC_ISA_USAGE = YES_ERROR;
				CLANG_WARN_DOCUMENTATION_COMMENTS = YES;
				CLANG_WARN_EMPTY_BODY = YES;
				CLANG_WARN_ENUM_CONVERSION = YES;
				CLANG_WARN_INFINITE_RECURSION = YES;
				CLANG_WARN_INT_CONVERSION = YES;
				CLANG_WARN_NON_LITERAL_NULL_CONVERSION = YES;
				CLANG_WARN_OBJC_IMPLICIT_RETAIN_SELF = YES;
				CLANG_WARN_OBJC_LITERAL_CONVERSION = YES;
				CLANG_WARN_OBJC_ROOT_CLASS = YES_ERROR;
				CLANG_WARN_QUOTED_INCLUDE_IN_FRAMEWORK_HEADER = YES;
				CLANG_WARN_RANGE_LOOP_ANALYSIS = YES;
				CLANG_WARN_STRICT_PROTOTYPES = YES;
				CLANG_WARN_SUSPICIOUS_MOVE = YES;
				CLANG_WARN_UNGUARDED_AVAILABILITY = YES_AGGRESSIVE;
				CLANG_WARN_UNREACHABLE_CODE = YES;
				CLANG_WARN__DUPLICATE_METHOD_MATCH = YES;
				COPY_PHASE_STRIP = NO;
				DEBUG_INFORMATION_FORMAT = "dwarf-with-dsym";
				ENABLE_NS_ASSERTIONS = NO;
				ENABLE_STRICT_OBJC_MSGSEND = YES;
				ENABLE_USER_SCRIPT_SANDBOXING = YES;
				GCC_C_LANGUAGE_STANDARD = gnu17;
				GCC_NO_COMMON_BLOCKS = YES;
				GCC_WARN_64_TO_32_BIT_CONVERSION = YES;
				GCC_WARN_ABOUT_RETURN_TYPE = YES_ERROR;
				GCC_WARN_UNDECLARED_SELECTOR = YES;
				GCC_WARN_UNINITIALIZED_AUTOS = YES_AGGRESSIVE;
				GCC_WARN_UNUSED_FUNCTION = YES;
				GCC_WARN_UNUSED_VARIABLE = YES;
				IPHONEOS_DEPLOYMENT_TARGET = 18.2;
				LOCALIZATION_PREFERS_STRING_CATALOGS = YES;
				MTL_ENABLE_DEBUG_INFO = NO;
				MTL_FAST_MATH = YES;
				SDKROOT = iphoneos;
				SWIFT_COMPILATION_MODE = wholemodule;
				VALIDATE_PRODUCT = YES;
			};
			name = Release;
		};
		86580FB32D5E03F700F1E3DB /* Debug */ = {
			isa = XCBuildConfiguration;
			buildSettings = {
				BUNDLE_LOADER = "$(TEST_HOST)";
				CODE_SIGN_STYLE = Automatic;
				CURRENT_PROJECT_VERSION = 1;
				GENERATE_INFOPLIST_FILE = YES;
				IPHONEOS_DEPLOYMENT_TARGET = 18.2;
				MARKETING_VERSION = 1.0;
				PRODUCT_BUNDLE_IDENTIFIER = "com.mayank.Assgn-2Tests";
				PRODUCT_NAME = "$(TARGET_NAME)";
				SWIFT_EMIT_LOC_STRINGS = NO;
				SWIFT_VERSION = 5.0;
				TARGETED_DEVICE_FAMILY = "1,2";
				TEST_HOST = "$(BUILT_PRODUCTS_DIR)/Assgn 2.app/$(BUNDLE_EXECUTABLE_FOLDER_PATH)/Assgn 2";
			};
			name = Debug;
		};
		86580FB42D5E03F700F1E3DB /* Release */ = {
			isa = XCBuildConfiguration;
			buildSettings = {
				BUNDLE_LOADER = "$(TEST_HOST)";
				CODE_SIGN_STYLE = Automatic;
				CURRENT_PROJECT_VERSION = 1;
				GENERATE_INFOPLIST_FILE = YES;
				IPHONEOS_DEPLOYMENT_TARGET = 18.2;
				MARKETING_VERSION = 1.0;
				PRODUCT_BUNDLE_IDENTIFIER = "com.mayank.Assgn-2Tests";
				PRODUCT_NAME = "$(TARGET_NAME)";
				SWIFT_EMIT_LOC_STRINGS = NO;
				SWIFT_VERSION = 5.0;
				TARGETED_DEVICE_FAMILY = "1,2";
				TEST_HOST = "$(BUILT_PRODUCTS_DIR)/Assgn 2.app/$(BUNDLE_EXECUTABLE_FOLDER_PATH)/Assgn 2";
			};
			name = Release;
		};
		86580FB62D5E03F700F1E3DB /* Debug */ = {
			isa = XCBuildConfiguration;
			buildSettings = {
				CODE_SIGN_STYLE = Automatic;
				CURRENT_PROJECT_VERSION = 1;
				GENERATE_INFOPLIST_FILE = YES;
				MARKETING_VERSION = 1.0;
				PRODUCT_BUNDLE_IDENTIFIER = "com.mayank.Assgn-2UITests";
				PRODUCT_NAME = "$(TARGET_NAME)";
				SWIFT_EMIT_LOC_STRINGS = NO;
				SWIFT_VERSION = 5.0;
				TARGETED_DEVICE_FAMILY = "1,2";
				TEST_TARGET_NAME = "Assgn 2";
			};
			name = Debug;
		};
		86580FB72D5E03F700F1E3DB /* Release */ = {
			isa = XCBuildConfiguration;
			buildSettings = {
				CODE_SIGN_STYLE = Automatic;
				CURRENT_PROJECT_VERSION = 1;
				GENERATE_INFOPLIST_FILE = YES;
				MARKETING_VERSION = 1.0;
				PRODUCT_BUNDLE_IDENTIFIER = "com.mayank.Assgn-2UITests";
				PRODUCT_NAME = "$(TARGET_NAME)";
				SWIFT_EMIT_LOC_STRINGS = NO;
				SWIFT_VERSION = 5.0;
				TARGETED_DEVICE_FAMILY = "1,2";
				TEST_TARGET_NAME = "Assgn 2";
			};
			name = Release;
		};
/* End XCBuildConfiguration section */

/* Begin XCConfigurationList section */
		86580F7F2D5E03F600F1E3DB /* Build configuration list for PBXProject "Assgn 2" */ = {
			isa = XCConfigurationList;
			buildConfigurations = (
				86580FB02D5E03F700F1E3DB /* Debug */,
				86580FB12D5E03F700F1E3DB /* Release */,
			);
			defaultConfigurationIsVisible = 0;
			defaultConfigurationName = Release;
		};
		86580FAD2D5E03F700F1E3DB /* Build configuration list for PBXNativeTarget "Assgn 2" */ = {
			isa = XCConfigurationList;
			buildConfigurations = (
				86580FAE2D5E03F700F1E3DB /* Debug */,
				86580FAF2D5E03F700F1E3DB /* Release */,
			);
			defaultConfigurationIsVisible = 0;
			defaultConfigurationName = Release;
		};
		86580FB22D5E03F700F1E3DB /* Build configuration list for PBXNativeTarget "Assgn 2Tests" */ = {
			isa = XCConfigurationList;
			buildConfigurations = (
				86580FB32D5E03F700F1E3DB /* Debug */,
				86580FB42D5E03F700F1E3DB /* Release */,
			);
			defaultConfigurationIsVisible = 0;
			defaultConfigurationName = Release;
		};
		86580FB52D5E03F700F1E3DB /* Build configuration list for PBXNativeTarget "Assgn 2UITests" */ = {
			isa = XCConfigurationList;
			buildConfigurations = (
				86580FB62D5E03F700F1E3DB /* Debug */,
				86580FB72D5E03F700F1E3DB /* Release */,
			);
			defaultConfigurationIsVisible = 0;
			defaultConfigurationName = Release;
		};
/* End XCConfigurationList section */
	};
	rootObject = 86580F7C2D5E03F600F1E3DB /* Project object */;
}
